
Microsoft Visual Studio Solution File, Format Version 12.00
# Visual Studio 14
VisualStudioVersion = 14.0.25420.1
MinimumVisualStudioVersion = 10.0.40219.1
Project("{FAE04EC0-301F-11D3-BF4B-00C04F79EFBC}") = "Sitestema de gestion de cursos", "Sitestema de gestion de cursos\Sitestema de gestion de cursos.csproj", "{0F63BAC8-B53B-4F3C-BD63-1BF3CB67B6F8}"
EndProject
Project("{FAE04EC0-301F-11D3-BF4B-00C04F79EFBC}") = "Modelos", "Modelos\Modelos.csproj", "{136126A6-8E39-42A3-9BA9-56A9EE29B467}"
EndProject
Project("{FAE04EC0-301F-11D3-BF4B-00C04F79EFBC}") = "Datos", "Datos\Datos.csproj", "{DC79E7C9-6CB2-4607-B2A3-6E9DDD9BD603}"
EndProject
Project("{FAE04EC0-301F-11D3-BF4B-00C04F79EFBC}") = "Negocio", "Negocio\Negocio.csproj", "{C7350443-0347-40B6-9B92-4F02B6CDE687}"
EndProject
Global
	GlobalSection(SolutionConfigurationPlatforms) = preSolution
		Debug|Any CPU = Debug|Any CPU
		Release|Any CPU = Release|Any CPU
	EndGlobalSection
	GlobalSection(ProjectConfigurationPlatforms) = postSolution
		{0F63BAC8-B53B-4F3C-BD63-1BF3CB67B6F8}.Debug|Any CPU.ActiveCfg = Debug|Any CPU
		{0F63BAC8-B53B-4F3C-BD63-1BF3CB67B6F8}.Debug|Any CPU.Build.0 = Debug|Any CPU
		{0F63BAC8-B53B-4F3C-BD63-1BF3CB67B6F8}.Release|Any CPU.ActiveCfg = Release|Any CPU
		{0F63BAC8-B53B-4F3C-BD63-1BF3CB67B6F8}.Release|Any CPU.Build.0 = Release|Any CPU
		{136126A6-8E39-42A3-9BA9-56A9EE29B467}.Debug|Any CPU.ActiveCfg = Debug|Any CPU
		{136126A6-8E39-42A3-9BA9-56A9EE29B467}.Debug|Any CPU.Build.0 = Debug|Any CPU
		{136126A6-8E39-42A3-9BA9-56A9EE29B467}.Release|Any CPU.ActiveCfg = Release|Any CPU
		{136126A6-8E39-42A3-9BA9-56A9EE29B467}.Release|Any CPU.Build.0 = Release|Any CPU
		{DC79E7C9-6CB2-4607-B2A3-6E9DDD9BD603}.Debug|Any CPU.ActiveCfg = Debug|Any CPU
		{DC79E7C9-6CB2-4607-B2A3-6E9DDD9BD603}.Debug|Any CPU.Build.0 = Debug|Any CPU
		{DC79E7C9-6CB2-4607-B2A3-6E9DDD9BD603}.Release|Any CPU.ActiveCfg = Release|Any CPU
		{DC79E7C9-6CB2-4607-B2A3-6E9DDD9BD603}.Release|Any CPU.Build.0 = Release|Any CPU
		{C7350443-0347-40B6-9B92-4F02B6CDE687}.Debug|Any CPU.ActiveCfg = Debug|Any CPU
		{C7350443-0347-40B6-9B92-4F02B6CDE687}.Debug|Any CPU.Build.0 = Debug|Any CPU
		{C7350443-0347-40B6-9B92-4F02B6CDE687}.Release|Any CPU.ActiveCfg = Release|Any CPU
		{C7350443-0347-40B6-9B92-4F02B6CDE687}.Release|Any CPU.Build.0 = Release|Any CPU
	EndGlobalSection
	GlobalSection(SolutionProperties) = preSolution
		HideSolutionNode = FALSE
	EndGlobalSection
	GlobalSection(TeamFoundationVersionControl) = preSolution
		SccNumberOfProjects = 5
		SccEnterpriseProvider = {4CA58AB2-18FA-4F8D-95D4-32DDF27D184C}
		SccTeamFoundationServer = https://e-planningitesco.visualstudio.com/
		SccLocalPath0 = .
		SccProjectUniqueName1 = Datos\\Datos.csproj
		SccProjectName1 = Datos
		SccLocalPath1 = Datos
		SccProjectUniqueName2 = Modelos\\Modelos.csproj
		SccProjectName2 = Modelos
		SccLocalPath2 = Modelos
		SccProjectUniqueName3 = Negocio\\Negocio.csproj
		SccProjectName3 = Negocio
		SccLocalPath3 = Negocio
		SccProjectUniqueName4 = Sitestema\u0020de\u0020gestion\u0020de\u0020cursos\\Sitestema\u0020de\u0020gestion\u0020de\u0020cursos.csproj
		SccProjectName4 = Sitestema\u0020de\u0020gestion\u0020de\u0020cursos
		SccLocalPath4 = Sitestema\u0020de\u0020gestion\u0020de\u0020cursos
	EndGlobalSection
EndGlobal
